
Microsoft Visual Studio Solution File, Format Version 12.00
# Visual Studio Version 16
VisualStudioVersion = 16.0.29806.167
MinimumVisualStudioVersion = 10.0.40219.1
Project("{F184B08F-C81C-45F6-A57F-5ABD9991F28F}") = "MediaPlayer", "MediaPlayer\MediaPlayer.vbproj", "{879E22CE-02E6-4B16-8483-16069F96688C}"
EndProject
Global
	GlobalSection(SolutionConfigurationPlatforms) = preSolution
		Debug|Any CPU = Debug|Any CPU
		Release|Any CPU = Release|Any CPU
	EndGlobalSection
	GlobalSection(ProjectConfigurationPlatforms) = postSolution
		{879E22CE-02E6-4B16-8483-16069F96688C}.Debug|Any CPU.ActiveCfg = Debug|Any CPU
		{879E22CE-02E6-4B16-8483-16069F96688C}.Debug|Any CPU.Build.0 = Debug|Any CPU
		{879E22CE-02E6-4B16-8483-16069F96688C}.Release|Any CPU.ActiveCfg = Release|Any CPU
		{879E22CE-02E6-4B16-8483-16069F96688C}.Release|Any CPU.Build.0 = Release|Any CPU
	EndGlobalSection
	GlobalSection(SolutionProperties) = preSolution
		HideSolutionNode = FALSE
	EndGlobalSection
	GlobalSection(ExtensibilityGlobals) = postSolution
		SolutionGuid = {4D4FFF61-0983-4E7F-8800-AA3FD79EB5B6}
	EndGlobalSection
EndGlobal
